
Microsoft Visual Studio Solution File, Format Version 12.00
# Visual Studio Version 16
VisualStudioVersion = 16.0.28803.156
MinimumVisualStudioVersion = 10.0.40219.1
Project("{9A19103F-16F7-4668-BE54-9A1E7A4F7556}") = "Vet.Common", "Vet.Common\Vet.Common.csproj", "{73B5C5AB-631A-40DA-B728-9CB804CCACCB}"
EndProject
Project("{9A19103F-16F7-4668-BE54-9A1E7A4F7556}") = "Vet.Web", "Vet.Web\Vet.Web.csproj", "{771197CC-E30B-4F81-BB6D-E7EE8BC70A55}"
EndProject
Project("{FAE04EC0-301F-11D3-BF4B-00C04F79EFBC}") = "Vet.Prism", "Vet.Prism\Vet.Prism\Vet.Prism.csproj", "{9132821D-643A-4D52-AD9B-836B46BA0620}"
EndProject
Project("{FAE04EC0-301F-11D3-BF4B-00C04F79EFBC}") = "Vet.Prism.Android", "Vet.Prism\Vet.Prism.Android\Vet.Prism.Android.csproj", "{0381D083-9903-4620-B6C5-355DB381D49B}"
EndProject
Project("{FAE04EC0-301F-11D3-BF4B-00C04F79EFBC}") = "Vet.Prism.iOS", "Vet.Prism\Vet.Prism.iOS\Vet.Prism.iOS.csproj", "{DFD8A409-5741-48BD-A063-4022B860B96B}"
EndProject
Project("{FAE04EC0-301F-11D3-BF4B-00C04F79EFBC}") = "Vet.Prism.UWP", "Vet.Prism\Vet.Prism.UWP\Vet.Prism.UWP.csproj", "{5B78291C-6E25-4B7A-8ED2-98E7B69F373B}"
EndProject
Global
	GlobalSection(SolutionConfigurationPlatforms) = preSolution
		Ad-Hoc|Any CPU = Ad-Hoc|Any CPU
		Ad-Hoc|ARM = Ad-Hoc|ARM
		Ad-Hoc|iPhone = Ad-Hoc|iPhone
		Ad-Hoc|iPhoneSimulator = Ad-Hoc|iPhoneSimulator
		Ad-Hoc|x64 = Ad-Hoc|x64
		Ad-Hoc|x86 = Ad-Hoc|x86
		AppStore|Any CPU = AppStore|Any CPU
		AppStore|ARM = AppStore|ARM
		AppStore|iPhone = AppStore|iPhone
		AppStore|iPhoneSimulator = AppStore|iPhoneSimulator
		AppStore|x64 = AppStore|x64
		AppStore|x86 = AppStore|x86
		Debug|Any CPU = Debug|Any CPU
		Debug|ARM = Debug|ARM
		Debug|iPhone = Debug|iPhone
		Debug|iPhoneSimulator = Debug|iPhoneSimulator
		Debug|x64 = Debug|x64
		Debug|x86 = Debug|x86
		Release|Any CPU = Release|Any CPU
		Release|ARM = Release|ARM
		Release|iPhone = Release|iPhone
		Release|iPhoneSimulator = Release|iPhoneSimulator
		Release|x64 = Release|x64
		Release|x86 = Release|x86
	EndGlobalSection
	GlobalSection(ProjectConfigurationPlatforms) = postSolution
		{73B5C5AB-631A-40DA-B728-9CB804CCACCB}.Ad-Hoc|Any CPU.ActiveCfg = Release|Any CPU
		{73B5C5AB-631A-40DA-B728-9CB804CCACCB}.Ad-Hoc|Any CPU.Build.0 = Release|Any CPU
		{73B5C5AB-631A-40DA-B728-9CB804CCACCB}.Ad-Hoc|ARM.ActiveCfg = Release|Any CPU
		{73B5C5AB-631A-40DA-B728-9CB804CCACCB}.Ad-Hoc|ARM.Build.0 = Release|Any CPU
		{73B5C5AB-631A-40DA-B728-9CB804CCACCB}.Ad-Hoc|iPhone.ActiveCfg = Release|Any CPU
		{73B5C5AB-631A-40DA-B728-9CB804CCACCB}.Ad-Hoc|iPhone.Build.0 = Release|Any CPU
		{73B5C5AB-631A-40DA-B728-9CB804CCACCB}.Ad-Hoc|iPhoneSimulator.ActiveCfg = Release|Any CPU
		{73B5C5AB-631A-40DA-B728-9CB804CCACCB}.Ad-Hoc|iPhoneSimulator.Build.0 = Release|Any CPU
		{73B5C5AB-631A-40DA-B728-9CB804CCACCB}.Ad-Hoc|x64.ActiveCfg = Release|Any CPU
		{73B5C5AB-631A-40DA-B728-9CB804CCACCB}.Ad-Hoc|x64.Build.0 = Release|Any CPU
		{73B5C5AB-631A-40DA-B728-9CB804CCACCB}.Ad-Hoc|x86.ActiveCfg = Release|Any CPU
		{73B5C5AB-631A-40DA-B728-9CB804CCACCB}.Ad-Hoc|x86.Build.0 = Release|Any CPU
		{73B5C5AB-631A-40DA-B728-9CB804CCACCB}.AppStore|Any CPU.ActiveCfg = Release|Any CPU
		{73B5C5AB-631A-40DA-B728-9CB804CCACCB}.AppStore|Any CPU.Build.0 = Release|Any CPU
		{73B5C5AB-631A-40DA-B728-9CB804CCACCB}.AppStore|ARM.ActiveCfg = Release|Any CPU
		{73B5C5AB-631A-40DA-B728-9CB804CCACCB}.AppStore|ARM.Build.0 = Release|Any CPU
		{73B5C5AB-631A-40DA-B728-9CB804CCACCB}.AppStore|iPhone.ActiveCfg = Release|Any CPU
		{73B5C5AB-631A-40DA-B728-9CB804CCACCB}.AppStore|iPhone.Build.0 = Release|Any CPU
		{73B5C5AB-631A-40DA-B728-9CB804CCACCB}.AppStore|iPhoneSimulator.ActiveCfg = Release|Any CPU
		{73B5C5AB-631A-40DA-B728-9CB804CCACCB}.AppStore|iPhoneSimulator.Build.0 = Release|Any CPU
		{73B5C5AB-631A-40DA-B728-9CB804CCACCB}.AppStore|x64.ActiveCfg = Release|Any CPU
		{73B5C5AB-631A-40DA-B728-9CB804CCACCB}.AppStore|x64.Build.0 = Release|Any CPU
		{73B5C5AB-631A-40DA-B728-9CB804CCACCB}.AppStore|x86.ActiveCfg = Release|Any CPU
		{73B5C5AB-631A-40DA-B728-9CB804CCACCB}.AppStore|x86.Build.0 = Release|Any CPU
		{73B5C5AB-631A-40DA-B728-9CB804CCACCB}.Debug|Any CPU.ActiveCfg = Debug|Any CPU
		{73B5C5AB-631A-40DA-B728-9CB804CCACCB}.Debug|Any CPU.Build.0 = Debug|Any CPU
		{73B5C5AB-631A-40DA-B728-9CB804CCACCB}.Debug|ARM.ActiveCfg = Debug|Any CPU
		{73B5C5AB-631A-40DA-B728-9CB804CCACCB}.Debug|ARM.Build.0 = Debug|Any CPU
		{73B5C5AB-631A-40DA-B728-9CB804CCACCB}.Debug|iPhone.ActiveCfg = Debug|Any CPU
		{73B5C5AB-631A-40DA-B728-9CB804CCACCB}.Debug|iPhone.Build.0 = Debug|Any CPU
		{73B5C5AB-631A-40DA-B728-9CB804CCACCB}.Debug|iPhoneSimulator.ActiveCfg = Debug|Any CPU
		{73B5C5AB-631A-40DA-B728-9CB804CCACCB}.Debug|iPhoneSimulator.Build.0 = Debug|Any CPU
		{73B5C5AB-631A-40DA-B728-9CB804CCACCB}.Debug|x64.ActiveCfg = Debug|Any CPU
		{73B5C5AB-631A-40DA-B728-9CB804CCACCB}.Debug|x64.Build.0 = Debug|Any CPU
		{73B5C5AB-631A-40DA-B728-9CB804CCACCB}.Debug|x86.ActiveCfg = Debug|Any CPU
		{73B5C5AB-631A-40DA-B728-9CB804CCACCB}.Debug|x86.Build.0 = Debug|Any CPU
		{73B5C5AB-631A-40DA-B728-9CB804CCACCB}.Release|Any CPU.ActiveCfg = Release|Any CPU
		{73B5C5AB-631A-40DA-B728-9CB804CCACCB}.Release|Any CPU.Build.0 = Release|Any CPU
		{73B5C5AB-631A-40DA-B728-9CB804CCACCB}.Release|ARM.ActiveCfg = Release|Any CPU
		{73B5C5AB-631A-40DA-B728-9CB804CCACCB}.Release|ARM.Build.0 = Release|Any CPU
		{73B5C5AB-631A-40DA-B728-9CB804CCACCB}.Release|iPhone.ActiveCfg = Release|Any CPU
		{73B5C5AB-631A-40DA-B728-9CB804CCACCB}.Release|iPhone.Build.0 = Release|Any CPU
		{73B5C5AB-631A-40DA-B728-9CB804CCACCB}.Release|iPhoneSimulator.ActiveCfg = Release|Any CPU
		{73B5C5AB-631A-40DA-B728-9CB804CCACCB}.Release|iPhoneSimulator.Build.0 = Release|Any CPU
		{73B5C5AB-631A-40DA-B728-9CB804CCACCB}.Release|x64.ActiveCfg = Release|Any CPU
		{73B5C5AB-631A-40DA-B728-9CB804CCACCB}.Release|x64.Build.0 = Release|Any CPU
		{73B5C5AB-631A-40DA-B728-9CB804CCACCB}.Release|x86.ActiveCfg = Release|Any CPU
		{73B5C5AB-631A-40DA-B728-9CB804CCACCB}.Release|x86.Build.0 = Release|Any CPU
		{771197CC-E30B-4F81-BB6D-E7EE8BC70A55}.Ad-Hoc|Any CPU.ActiveCfg = Release|Any CPU
		{771197CC-E30B-4F81-BB6D-E7EE8BC70A55}.Ad-Hoc|Any CPU.Build.0 = Release|Any CPU
		{771197CC-E30B-4F81-BB6D-E7EE8BC70A55}.Ad-Hoc|ARM.ActiveCfg = Release|Any CPU
		{771197CC-E30B-4F81-BB6D-E7EE8BC70A55}.Ad-Hoc|ARM.Build.0 = Release|Any CPU
		{771197CC-E30B-4F81-BB6D-E7EE8BC70A55}.Ad-Hoc|iPhone.ActiveCfg = Release|Any CPU
		{771197CC-E30B-4F81-BB6D-E7EE8BC70A55}.Ad-Hoc|iPhone.Build.0 = Release|Any CPU
		{771197CC-E30B-4F81-BB6D-E7EE8BC70A55}.Ad-Hoc|iPhoneSimulator.ActiveCfg = Release|Any CPU
		{771197CC-E30B-4F81-BB6D-E7EE8BC70A55}.Ad-Hoc|iPhoneSimulator.Build.0 = Release|Any CPU
		{771197CC-E30B-4F81-BB6D-E7EE8BC70A55}.Ad-Hoc|x64.ActiveCfg = Release|Any CPU
		{771197CC-E30B-4F81-BB6D-E7EE8BC70A55}.Ad-Hoc|x64.Build.0 = Release|Any CPU
		{771197CC-E30B-4F81-BB6D-E7EE8BC70A55}.Ad-Hoc|x86.ActiveCfg = Release|Any CPU
		{771197CC-E30B-4F81-BB6D-E7EE8BC70A55}.Ad-Hoc|x86.Build.0 = Release|Any CPU
		{771197CC-E30B-4F81-BB6D-E7EE8BC70A55}.AppStore|Any CPU.ActiveCfg = Release|Any CPU
		{771197CC-E30B-4F81-BB6D-E7EE8BC70A55}.AppStore|Any CPU.Build.0 = Release|Any CPU
		{771197CC-E30B-4F81-BB6D-E7EE8BC70A55}.AppStore|ARM.ActiveCfg = Release|Any CPU
		{771197CC-E30B-4F81-BB6D-E7EE8BC70A55}.AppStore|ARM.Build.0 = Release|Any CPU
		{771197CC-E30B-4F81-BB6D-E7EE8BC70A55}.AppStore|iPhone.ActiveCfg = Release|Any CPU
		{771197CC-E30B-4F81-BB6D-E7EE8BC70A55}.AppStore|iPhone.Build.0 = Release|Any CPU
		{771197CC-E30B-4F81-BB6D-E7EE8BC70A55}.AppStore|iPhoneSimulator.ActiveCfg = Release|Any CPU
		{771197CC-E30B-4F81-BB6D-E7EE8BC70A55}.AppStore|iPhoneSimulator.Build.0 = Release|Any CPU
		{771197CC-E30B-4F81-BB6D-E7EE8BC70A55}.AppStore|x64.ActiveCfg = Release|Any CPU
		{771197CC-E30B-4F81-BB6D-E7EE8BC70A55}.AppStore|x64.Build.0 = Release|Any CPU
		{771197CC-E30B-4F81-BB6D-E7EE8BC70A55}.AppStore|x86.ActiveCfg = Release|Any CPU
		{771197CC-E30B-4F81-BB6D-E7EE8BC70A55}.AppStore|x86.Build.0 = Release|Any CPU
		{771197CC-E30B-4F81-BB6D-E7EE8BC70A55}.Debug|Any CPU.ActiveCfg = Debug|Any CPU
		{771197CC-E30B-4F81-BB6D-E7EE8BC70A55}.Debug|Any CPU.Build.0 = Debug|Any CPU
		{771197CC-E30B-4F81-BB6D-E7EE8BC70A55}.Debug|ARM.ActiveCfg = Debug|Any CPU
		{771197CC-E30B-4F81-BB6D-E7EE8BC70A55}.Debug|ARM.Build.0 = Debug|Any CPU
		{771197CC-E30B-4F81-BB6D-E7EE8BC70A55}.Debug|iPhone.ActiveCfg = Debug|Any CPU
		{771197CC-E30B-4F81-BB6D-E7EE8BC70A55}.Debug|iPhone.Build.0 = Debug|Any CPU
		{771197CC-E30B-4F81-BB6D-E7EE8BC70A55}.Debug|iPhoneSimulator.ActiveCfg = Debug|Any CPU
		{771197CC-E30B-4F81-BB6D-E7EE8BC70A55}.Debug|iPhoneSimulator.Build.0 = Debug|Any CPU
		{771197CC-E30B-4F81-BB6D-E7EE8BC70A55}.Debug|x64.ActiveCfg = Debug|Any CPU
		{771197CC-E30B-4F81-BB6D-E7EE8BC70A55}.Debug|x64.Build.0 = Debug|Any CPU
		{771197CC-E30B-4F81-BB6D-E7EE8BC70A55}.Debug|x86.ActiveCfg = Debug|Any CPU
		{771197CC-E30B-4F81-BB6D-E7EE8BC70A55}.Debug|x86.Build.0 = Debug|Any CPU
		{771197CC-E30B-4F81-BB6D-E7EE8BC70A55}.Release|Any CPU.ActiveCfg = Release|Any CPU
		{771197CC-E30B-4F81-BB6D-E7EE8BC70A55}.Release|Any CPU.Build.0 = Release|Any CPU
		{771197CC-E30B-4F81-BB6D-E7EE8BC70A55}.Release|ARM.ActiveCfg = Release|Any CPU
		{771197CC-E30B-4F81-BB6D-E7EE8BC70A55}.Release|ARM.Build.0 = Release|Any CPU
		{771197CC-E30B-4F81-BB6D-E7EE8BC70A55}.Release|iPhone.ActiveCfg = Release|Any CPU
		{771197CC-E30B-4F81-BB6D-E7EE8BC70A55}.Release|iPhone.Build.0 = Release|Any CPU
		{771197CC-E30B-4F81-BB6D-E7EE8BC70A55}.Release|iPhoneSimulator.ActiveCfg = Release|Any CPU
		{771197CC-E30B-4F81-BB6D-E7EE8BC70A55}.Release|iPhoneSimulator.Build.0 = Release|Any CPU
		{771197CC-E30B-4F81-BB6D-E7EE8BC70A55}.Release|x64.ActiveCfg = Release|Any CPU
		{771197CC-E30B-4F81-BB6D-E7EE8BC70A55}.Release|x64.Build.0 = Release|Any CPU
		{771197CC-E30B-4F81-BB6D-E7EE8BC70A55}.Release|x86.ActiveCfg = Release|Any CPU
		{771197CC-E30B-4F81-BB6D-E7EE8BC70A55}.Release|x86.Build.0 = Release|Any CPU
		{9132821D-643A-4D52-AD9B-836B46BA0620}.Ad-Hoc|Any CPU.ActiveCfg = Debug|Any CPU
		{9132821D-643A-4D52-AD9B-836B46BA0620}.Ad-Hoc|Any CPU.Build.0 = Debug|Any CPU
		{9132821D-643A-4D52-AD9B-836B46BA0620}.Ad-Hoc|ARM.ActiveCfg = Debug|Any CPU
		{9132821D-643A-4D52-AD9B-836B46BA0620}.Ad-Hoc|ARM.Build.0 = Debug|Any CPU
		{9132821D-643A-4D52-AD9B-836B46BA0620}.Ad-Hoc|iPhone.ActiveCfg = Debug|Any CPU
		{9132821D-643A-4D52-AD9B-836B46BA0620}.Ad-Hoc|iPhone.Build.0 = Debug|Any CPU
		{9132821D-643A-4D52-AD9B-836B46BA0620}.Ad-Hoc|iPhoneSimulator.ActiveCfg = Debug|Any CPU
		{9132821D-643A-4D52-AD9B-836B46BA0620}.Ad-Hoc|iPhoneSimulator.Build.0 = Debug|Any CPU
		{9132821D-643A-4D52-AD9B-836B46BA0620}.Ad-Hoc|x64.ActiveCfg = Debug|Any CPU
		{9132821D-643A-4D52-AD9B-836B46BA0620}.Ad-Hoc|x64.Build.0 = Debug|Any CPU
		{9132821D-643A-4D52-AD9B-836B46BA0620}.Ad-Hoc|x86.ActiveCfg = Debug|Any CPU
		{9132821D-643A-4D52-AD9B-836B46BA0620}.Ad-Hoc|x86.Build.0 = Debug|Any CPU
		{9132821D-643A-4D52-AD9B-836B46BA0620}.AppStore|Any CPU.ActiveCfg = Debug|Any CPU
		{9132821D-643A-4D52-AD9B-836B46BA0620}.AppStore|Any CPU.Build.0 = Debug|Any CPU
		{9132821D-643A-4D52-AD9B-836B46BA0620}.AppStore|ARM.ActiveCfg = Debug|Any CPU
		{9132821D-643A-4D52-AD9B-836B46BA0620}.AppStore|ARM.Build.0 = Debug|Any CPU
		{9132821D-643A-4D52-AD9B-836B46BA0620}.AppStore|iPhone.ActiveCfg = Debug|Any CPU
		{9132821D-643A-4D52-AD9B-836B46BA0620}.AppStore|iPhone.Build.0 = Debug|Any CPU
		{9132821D-643A-4D52-AD9B-836B46BA0620}.AppStore|iPhoneSimulator.ActiveCfg = Debug|Any CPU
		{9132821D-643A-4D52-AD9B-836B46BA0620}.AppStore|iPhoneSimulator.Build.0 = Debug|Any CPU
		{9132821D-643A-4D52-AD9B-836B46BA0620}.AppStore|x64.ActiveCfg = Debug|Any CPU
		{9132821D-643A-4D52-AD9B-836B46BA0620}.AppStore|x64.Build.0 = Debug|Any CPU
		{9132821D-643A-4D52-AD9B-836B46BA0620}.AppStore|x86.ActiveCfg = Debug|Any CPU
		{9132821D-643A-4D52-AD9B-836B46BA0620}.AppStore|x86.Build.0 = Debug|Any CPU
		{9132821D-643A-4D52-AD9B-836B46BA0620}.Debug|Any CPU.ActiveCfg = Debug|Any CPU
		{9132821D-643A-4D52-AD9B-836B46BA0620}.Debug|Any CPU.Build.0 = Debug|Any CPU
		{9132821D-643A-4D52-AD9B-836B46BA0620}.Debug|ARM.ActiveCfg = Debug|Any CPU
		{9132821D-643A-4D52-AD9B-836B46BA0620}.Debug|ARM.Build.0 = Debug|Any CPU
		{9132821D-643A-4D52-AD9B-836B46BA0620}.Debug|iPhone.ActiveCfg = Debug|Any CPU
		{9132821D-643A-4D52-AD9B-836B46BA0620}.Debug|iPhone.Build.0 = Debug|Any CPU
		{9132821D-643A-4D52-AD9B-836B46BA0620}.Debug|iPhoneSimulator.ActiveCfg = Debug|Any CPU
		{9132821D-643A-4D52-AD9B-836B46BA0620}.Debug|iPhoneSimulator.Build.0 = Debug|Any CPU
		{9132821D-643A-4D52-AD9B-836B46BA0620}.Debug|x64.ActiveCfg = Debug|Any CPU
		{9132821D-643A-4D52-AD9B-836B46BA0620}.Debug|x64.Build.0 = Debug|Any CPU
		{9132821D-643A-4D52-AD9B-836B46BA0620}.Debug|x86.ActiveCfg = Debug|Any CPU
		{9132821D-643A-4D52-AD9B-836B46BA0620}.Debug|x86.Build.0 = Debug|Any CPU
		{9132821D-643A-4D52-AD9B-836B46BA0620}.Release|Any CPU.ActiveCfg = Release|Any CPU
		{9132821D-643A-4D52-AD9B-836B46BA0620}.Release|Any CPU.Build.0 = Release|Any CPU
		{9132821D-643A-4D52-AD9B-836B46BA0620}.Release|ARM.ActiveCfg = Release|Any CPU
		{9132821D-643A-4D52-AD9B-836B46BA0620}.Release|ARM.Build.0 = Release|Any CPU
		{9132821D-643A-4D52-AD9B-836B46BA0620}.Release|iPhone.ActiveCfg = Release|Any CPU
		{9132821D-643A-4D52-AD9B-836B46BA0620}.Release|iPhone.Build.0 = Release|Any CPU
		{9132821D-643A-4D52-AD9B-836B46BA0620}.Release|iPhoneSimulator.ActiveCfg = Release|Any CPU
		{9132821D-643A-4D52-AD9B-836B46BA0620}.Release|iPhoneSimulator.Build.0 = Release|Any CPU
		{9132821D-643A-4D52-AD9B-836B46BA0620}.Release|x64.ActiveCfg = Release|Any CPU
		{9132821D-643A-4D52-AD9B-836B46BA0620}.Release|x64.Build.0 = Release|Any CPU
		{9132821D-643A-4D52-AD9B-836B46BA0620}.Release|x86.ActiveCfg = Release|Any CPU
		{9132821D-643A-4D52-AD9B-836B46BA0620}.Release|x86.Build.0 = Release|Any CPU
		{0381D083-9903-4620-B6C5-355DB381D49B}.Ad-Hoc|Any CPU.ActiveCfg = Release|Any CPU
		{0381D083-9903-4620-B6C5-355DB381D49B}.Ad-Hoc|Any CPU.Build.0 = Release|Any CPU
		{0381D083-9903-4620-B6C5-355DB381D49B}.Ad-Hoc|Any CPU.Deploy.0 = Release|Any CPU
		{0381D083-9903-4620-B6C5-355DB381D49B}.Ad-Hoc|ARM.ActiveCfg = Release|Any CPU
		{0381D083-9903-4620-B6C5-355DB381D49B}.Ad-Hoc|ARM.Build.0 = Release|Any CPU
		{0381D083-9903-4620-B6C5-355DB381D49B}.Ad-Hoc|ARM.Deploy.0 = Release|Any CPU
		{0381D083-9903-4620-B6C5-355DB381D49B}.Ad-Hoc|iPhone.ActiveCfg = Release|Any CPU
		{0381D083-9903-4620-B6C5-355DB381D49B}.Ad-Hoc|iPhone.Build.0 = Release|Any CPU
		{0381D083-9903-4620-B6C5-355DB381D49B}.Ad-Hoc|iPhone.Deploy.0 = Release|Any CPU
		{0381D083-9903-4620-B6C5-355DB381D49B}.Ad-Hoc|iPhoneSimulator.ActiveCfg = Release|Any CPU
		{0381D083-9903-4620-B6C5-355DB381D49B}.Ad-Hoc|iPhoneSimulator.Build.0 = Release|Any CPU
		{0381D083-9903-4620-B6C5-355DB381D49B}.Ad-Hoc|iPhoneSimulator.Deploy.0 = Release|Any CPU
		{0381D083-9903-4620-B6C5-355DB381D49B}.Ad-Hoc|x64.ActiveCfg = Release|Any CPU
		{0381D083-9903-4620-B6C5-355DB381D49B}.Ad-Hoc|x64.Build.0 = Release|Any CPU
		{0381D083-9903-4620-B6C5-355DB381D49B}.Ad-Hoc|x64.Deploy.0 = Release|Any CPU
		{0381D083-9903-4620-B6C5-355DB381D49B}.Ad-Hoc|x86.ActiveCfg = Release|Any CPU
		{0381D083-9903-4620-B6C5-355DB381D49B}.Ad-Hoc|x86.Build.0 = Release|Any CPU
		{0381D083-9903-4620-B6C5-355DB381D49B}.Ad-Hoc|x86.Deploy.0 = Release|Any CPU
		{0381D083-9903-4620-B6C5-355DB381D49B}.AppStore|Any CPU.ActiveCfg = Release|Any CPU
		{0381D083-9903-4620-B6C5-355DB381D49B}.AppStore|Any CPU.Build.0 = Release|Any CPU
		{0381D083-9903-4620-B6C5-355DB381D49B}.AppStore|Any CPU.Deploy.0 = Release|Any CPU
		{0381D083-9903-4620-B6C5-355DB381D49B}.AppStore|ARM.ActiveCfg = Release|Any CPU
		{0381D083-9903-4620-B6C5-355DB381D49B}.AppStore|ARM.Build.0 = Release|Any CPU
		{0381D083-9903-4620-B6C5-355DB381D49B}.AppStore|ARM.Deploy.0 = Release|Any CPU
		{0381D083-9903-4620-B6C5-355DB381D49B}.AppStore|iPhone.ActiveCfg = Release|Any CPU
		{0381D083-9903-4620-B6C5-355DB381D49B}.AppStore|iPhone.Build.0 = Release|Any CPU
		{0381D083-9903-4620-B6C5-355DB381D49B}.AppStore|iPhone.Deploy.0 = Release|Any CPU
		{0381D083-9903-4620-B6C5-355DB381D49B}.AppStore|iPhoneSimulator.ActiveCfg = Release|Any CPU
		{0381D083-9903-4620-B6C5-355DB381D49B}.AppStore|iPhoneSimulator.Build.0 = Release|Any CPU
		{0381D083-9903-4620-B6C5-355DB381D49B}.AppStore|iPhoneSimulator.Deploy.0 = Release|Any CPU
		{0381D083-9903-4620-B6C5-355DB381D49B}.AppStore|x64.ActiveCfg = Release|Any CPU
		{0381D083-9903-4620-B6C5-355DB381D49B}.AppStore|x64.Build.0 = Release|Any CPU
		{0381D083-9903-4620-B6C5-355DB381D49B}.AppStore|x64.Deploy.0 = Release|Any CPU
		{0381D083-9903-4620-B6C5-355DB381D49B}.AppStore|x86.ActiveCfg = Release|Any CPU
		{0381D083-9903-4620-B6C5-355DB381D49B}.AppStore|x86.Build.0 = Release|Any CPU
		{0381D083-9903-4620-B6C5-355DB381D49B}.AppStore|x86.Deploy.0 = Release|Any CPU
		{0381D083-9903-4620-B6C5-355DB381D49B}.Debug|Any CPU.ActiveCfg = Debug|Any CPU
		{0381D083-9903-4620-B6C5-355DB381D49B}.Debug|Any CPU.Build.0 = Debug|Any CPU
		{0381D083-9903-4620-B6C5-355DB381D49B}.Debug|Any CPU.Deploy.0 = Debug|Any CPU
		{0381D083-9903-4620-B6C5-355DB381D49B}.Debug|ARM.ActiveCfg = Debug|Any CPU
		{0381D083-9903-4620-B6C5-355DB381D49B}.Debug|ARM.Build.0 = Debug|Any CPU
		{0381D083-9903-4620-B6C5-355DB381D49B}.Debug|ARM.Deploy.0 = Debug|Any CPU
		{0381D083-9903-4620-B6C5-355DB381D49B}.Debug|iPhone.ActiveCfg = Debug|Any CPU
		{0381D083-9903-4620-B6C5-355DB381D49B}.Debug|iPhone.Build.0 = Debug|Any CPU
		{0381D083-9903-4620-B6C5-355DB381D49B}.Debug|iPhone.Deploy.0 = Debug|Any CPU
		{0381D083-9903-4620-B6C5-355DB381D49B}.Debug|iPhoneSimulator.ActiveCfg = Debug|Any CPU
		{0381D083-9903-4620-B6C5-355DB381D49B}.Debug|iPhoneSimulator.Build.0 = Debug|Any CPU
		{0381D083-9903-4620-B6C5-355DB381D49B}.Debug|iPhoneSimulator.Deploy.0 = Debug|Any CPU
		{0381D083-9903-4620-B6C5-355DB381D49B}.Debug|x64.ActiveCfg = Debug|Any CPU
		{0381D083-9903-4620-B6C5-355DB381D49B}.Debug|x64.Build.0 = Debug|Any CPU
		{0381D083-9903-4620-B6C5-355DB381D49B}.Debug|x64.Deploy.0 = Debug|Any CPU
		{0381D083-9903-4620-B6C5-355DB381D49B}.Debug|x86.ActiveCfg = Debug|Any CPU
		{0381D083-9903-4620-B6C5-355DB381D49B}.Debug|x86.Build.0 = Debug|Any CPU
		{0381D083-9903-4620-B6C5-355DB381D49B}.Debug|x86.Deploy.0 = Debug|Any CPU
		{0381D083-9903-4620-B6C5-355DB381D49B}.Release|Any CPU.ActiveCfg = Release|Any CPU
		{0381D083-9903-4620-B6C5-355DB381D49B}.Release|Any CPU.Build.0 = Release|Any CPU
		{0381D083-9903-4620-B6C5-355DB381D49B}.Release|Any CPU.Deploy.0 = Release|Any CPU
		{0381D083-9903-4620-B6C5-355DB381D49B}.Release|ARM.ActiveCfg = Release|Any CPU
		{0381D083-9903-4620-B6C5-355DB381D49B}.Release|ARM.Build.0 = Release|Any CPU
		{0381D083-9903-4620-B6C5-355DB381D49B}.Release|ARM.Deploy.0 = Release|Any CPU
		{0381D083-9903-4620-B6C5-355DB381D49B}.Release|iPhone.ActiveCfg = Release|Any CPU
		{0381D083-9903-4620-B6C5-355DB381D49B}.Release|iPhone.Build.0 = Release|Any CPU
		{0381D083-9903-4620-B6C5-355DB381D49B}.Release|iPhone.Deploy.0 = Release|Any CPU
		{0381D083-9903-4620-B6C5-355DB381D49B}.Release|iPhoneSimulator.ActiveCfg = Release|Any CPU
		{0381D083-9903-4620-B6C5-355DB381D49B}.Release|iPhoneSimulator.Build.0 = Release|Any CPU
		{0381D083-9903-4620-B6C5-355DB381D49B}.Release|iPhoneSimulator.Deploy.0 = Release|Any CPU
		{0381D083-9903-4620-B6C5-355DB381D49B}.Release|x64.ActiveCfg = Release|Any CPU
		{0381D083-9903-4620-B6C5-355DB381D49B}.Release|x64.Build.0 = Release|Any CPU
		{0381D083-9903-4620-B6C5-355DB381D49B}.Release|x64.Deploy.0 = Release|Any CPU
		{0381D083-9903-4620-B6C5-355DB381D49B}.Release|x86.ActiveCfg = Release|Any CPU
		{0381D083-9903-4620-B6C5-355DB381D49B}.Release|x86.Build.0 = Release|Any CPU
		{0381D083-9903-4620-B6C5-355DB381D49B}.Release|x86.Deploy.0 = Release|Any CPU
		{DFD8A409-5741-48BD-A063-4022B860B96B}.Ad-Hoc|Any CPU.ActiveCfg = Ad-Hoc|iPhone
		{DFD8A409-5741-48BD-A063-4022B860B96B}.Ad-Hoc|ARM.ActiveCfg = Ad-Hoc|iPhone
		{DFD8A409-5741-48BD-A063-4022B860B96B}.Ad-Hoc|iPhone.ActiveCfg = Ad-Hoc|iPhone
		{DFD8A409-5741-48BD-A063-4022B860B96B}.Ad-Hoc|iPhone.Build.0 = Ad-Hoc|iPhone
		{DFD8A409-5741-48BD-A063-4022B860B96B}.Ad-Hoc|iPhoneSimulator.ActiveCfg = Ad-Hoc|iPhoneSimulator
		{DFD8A409-5741-48BD-A063-4022B860B96B}.Ad-Hoc|iPhoneSimulator.Build.0 = Ad-Hoc|iPhoneSimulator
		{DFD8A409-5741-48BD-A063-4022B860B96B}.Ad-Hoc|x64.ActiveCfg = Ad-Hoc|iPhone
		{DFD8A409-5741-48BD-A063-4022B860B96B}.Ad-Hoc|x86.ActiveCfg = Ad-Hoc|iPhone
		{DFD8A409-5741-48BD-A063-4022B860B96B}.AppStore|Any CPU.ActiveCfg = AppStore|iPhone
		{DFD8A409-5741-48BD-A063-4022B860B96B}.AppStore|ARM.ActiveCfg = AppStore|iPhone
		{DFD8A409-5741-48BD-A063-4022B860B96B}.AppStore|iPhone.ActiveCfg = AppStore|iPhone
		{DFD8A409-5741-48BD-A063-4022B860B96B}.AppStore|iPhone.Build.0 = AppStore|iPhone
		{DFD8A409-5741-48BD-A063-4022B860B96B}.AppStore|iPhoneSimulator.ActiveCfg = AppStore|iPhoneSimulator
		{DFD8A409-5741-48BD-A063-4022B860B96B}.AppStore|iPhoneSimulator.Build.0 = AppStore|iPhoneSimulator
		{DFD8A409-5741-48BD-A063-4022B860B96B}.AppStore|x64.ActiveCfg = AppStore|iPhone
		{DFD8A409-5741-48BD-A063-4022B860B96B}.AppStore|x86.ActiveCfg = AppStore|iPhone
		{DFD8A409-5741-48BD-A063-4022B860B96B}.Debug|Any CPU.ActiveCfg = Debug|iPhone
		{DFD8A409-5741-48BD-A063-4022B860B96B}.Debug|ARM.ActiveCfg = Debug|iPhone
		{DFD8A409-5741-48BD-A063-4022B860B96B}.Debug|iPhone.ActiveCfg = Debug|iPhone
		{DFD8A409-5741-48BD-A063-4022B860B96B}.Debug|iPhone.Build.0 = Debug|iPhone
		{DFD8A409-5741-48BD-A063-4022B860B96B}.Debug|iPhoneSimulator.ActiveCfg = Debug|iPhoneSimulator
		{DFD8A409-5741-48BD-A063-4022B860B96B}.Debug|iPhoneSimulator.Build.0 = Debug|iPhoneSimulator
		{DFD8A409-5741-48BD-A063-4022B860B96B}.Debug|x64.ActiveCfg = Debug|iPhone
		{DFD8A409-5741-48BD-A063-4022B860B96B}.Debug|x86.ActiveCfg = Debug|iPhone
		{DFD8A409-5741-48BD-A063-4022B860B96B}.Release|Any CPU.ActiveCfg = Release|iPhone
		{DFD8A409-5741-48BD-A063-4022B860B96B}.Release|ARM.ActiveCfg = Release|iPhone
		{DFD8A409-5741-48BD-A063-4022B860B96B}.Release|iPhone.ActiveCfg = Release|iPhone
		{DFD8A409-5741-48BD-A063-4022B860B96B}.Release|iPhone.Build.0 = Release|iPhone
		{DFD8A409-5741-48BD-A063-4022B860B96B}.Release|iPhoneSimulator.ActiveCfg = Release|iPhoneSimulator
		{DFD8A409-5741-48BD-A063-4022B860B96B}.Release|iPhoneSimulator.Build.0 = Release|iPhoneSimulator
		{DFD8A409-5741-48BD-A063-4022B860B96B}.Release|x64.ActiveCfg = Release|iPhone
		{DFD8A409-5741-48BD-A063-4022B860B96B}.Release|x86.ActiveCfg = Release|iPhone
		{5B78291C-6E25-4B7A-8ED2-98E7B69F373B}.Ad-Hoc|Any CPU.ActiveCfg = Release|x86
		{5B78291C-6E25-4B7A-8ED2-98E7B69F373B}.Ad-Hoc|Any CPU.Build.0 = Release|x86
		{5B78291C-6E25-4B7A-8ED2-98E7B69F373B}.Ad-Hoc|Any CPU.Deploy.0 = Release|x86
		{5B78291C-6E25-4B7A-8ED2-98E7B69F373B}.Ad-Hoc|ARM.ActiveCfg = Release|ARM
		{5B78291C-6E25-4B7A-8ED2-98E7B69F373B}.Ad-Hoc|ARM.Build.0 = Release|ARM
		{5B78291C-6E25-4B7A-8ED2-98E7B69F373B}.Ad-Hoc|ARM.Deploy.0 = Release|ARM
		{5B78291C-6E25-4B7A-8ED2-98E7B69F373B}.Ad-Hoc|iPhone.ActiveCfg = Release|x86
		{5B78291C-6E25-4B7A-8ED2-98E7B69F373B}.Ad-Hoc|iPhone.Build.0 = Release|x86
		{5B78291C-6E25-4B7A-8ED2-98E7B69F373B}.Ad-Hoc|iPhone.Deploy.0 = Release|x86
		{5B78291C-6E25-4B7A-8ED2-98E7B69F373B}.Ad-Hoc|iPhoneSimulator.ActiveCfg = Release|x86
		{5B78291C-6E25-4B7A-8ED2-98E7B69F373B}.Ad-Hoc|iPhoneSimulator.Build.0 = Release|x86
		{5B78291C-6E25-4B7A-8ED2-98E7B69F373B}.Ad-Hoc|iPhoneSimulator.Deploy.0 = Release|x86
		{5B78291C-6E25-4B7A-8ED2-98E7B69F373B}.Ad-Hoc|x64.ActiveCfg = Release|x64
		{5B78291C-6E25-4B7A-8ED2-98E7B69F373B}.Ad-Hoc|x64.Build.0 = Release|x64
		{5B78291C-6E25-4B7A-8ED2-98E7B69F373B}.Ad-Hoc|x64.Deploy.0 = Release|x64
		{5B78291C-6E25-4B7A-8ED2-98E7B69F373B}.Ad-Hoc|x86.ActiveCfg = Release|x86
		{5B78291C-6E25-4B7A-8ED2-98E7B69F373B}.Ad-Hoc|x86.Build.0 = Release|x86
		{5B78291C-6E25-4B7A-8ED2-98E7B69F373B}.Ad-Hoc|x86.Deploy.0 = Release|x86
		{5B78291C-6E25-4B7A-8ED2-98E7B69F373B}.AppStore|Any CPU.ActiveCfg = Release|x86
		{5B78291C-6E25-4B7A-8ED2-98E7B69F373B}.AppStore|Any CPU.Build.0 = Release|x86
		{5B78291C-6E25-4B7A-8ED2-98E7B69F373B}.AppStore|Any CPU.Deploy.0 = Release|x86
		{5B78291C-6E25-4B7A-8ED2-98E7B69F373B}.AppStore|ARM.ActiveCfg = Release|ARM
		{5B78291C-6E25-4B7A-8ED2-98E7B69F373B}.AppStore|ARM.Build.0 = Release|ARM
		{5B78291C-6E25-4B7A-8ED2-98E7B69F373B}.AppStore|ARM.Deploy.0 = Release|ARM
		{5B78291C-6E25-4B7A-8ED2-98E7B69F373B}.AppStore|iPhone.ActiveCfg = Release|x86
		{5B78291C-6E25-4B7A-8ED2-98E7B69F373B}.AppStore|iPhone.Build.0 = Release|x86
		{5B78291C-6E25-4B7A-8ED2-98E7B69F373B}.AppStore|iPhone.Deploy.0 = Release|x86
		{5B78291C-6E25-4B7A-8ED2-98E7B69F373B}.AppStore|iPhoneSimulator.ActiveCfg = Release|x86
		{5B78291C-6E25-4B7A-8ED2-98E7B69F373B}.AppStore|iPhoneSimulator.Build.0 = Release|x86
		{5B78291C-6E25-4B7A-8ED2-98E7B69F373B}.AppStore|iPhoneSimulator.Deploy.0 = Release|x86
		{5B78291C-6E25-4B7A-8ED2-98E7B69F373B}.AppStore|x64.ActiveCfg = Release|x64
		{5B78291C-6E25-4B7A-8ED2-98E7B69F373B}.AppStore|x64.Build.0 = Release|x64
		{5B78291C-6E25-4B7A-8ED2-98E7B69F373B}.AppStore|x64.Deploy.0 = Release|x64
		{5B78291C-6E25-4B7A-8ED2-98E7B69F373B}.AppStore|x86.ActiveCfg = Release|x86
		{5B78291C-6E25-4B7A-8ED2-98E7B69F373B}.AppStore|x86.Build.0 = Release|x86
		{5B78291C-6E25-4B7A-8ED2-98E7B69F373B}.AppStore|x86.Deploy.0 = Release|x86
		{5B78291C-6E25-4B7A-8ED2-98E7B69F373B}.Debug|Any CPU.ActiveCfg = Debug|x86
		{5B78291C-6E25-4B7A-8ED2-98E7B69F373B}.Debug|ARM.ActiveCfg = Debug|ARM
		{5B78291C-6E25-4B7A-8ED2-98E7B69F373B}.Debug|ARM.Build.0 = Debug|ARM
		{5B78291C-6E25-4B7A-8ED2-98E7B69F373B}.Debug|ARM.Deploy.0 = Debug|ARM
		{5B78291C-6E25-4B7A-8ED2-98E7B69F373B}.Debug|iPhone.ActiveCfg = Debug|x86
		{5B78291C-6E25-4B7A-8ED2-98E7B69F373B}.Debug|iPhoneSimulator.ActiveCfg = Debug|x86
		{5B78291C-6E25-4B7A-8ED2-98E7B69F373B}.Debug|x64.ActiveCfg = Debug|x64
		{5B78291C-6E25-4B7A-8ED2-98E7B69F373B}.Debug|x64.Build.0 = Debug|x64
		{5B78291C-6E25-4B7A-8ED2-98E7B69F373B}.Debug|x64.Deploy.0 = Debug|x64
		{5B78291C-6E25-4B7A-8ED2-98E7B69F373B}.Debug|x86.ActiveCfg = Debug|x86
		{5B78291C-6E25-4B7A-8ED2-98E7B69F373B}.Debug|x86.Build.0 = Debug|x86
		{5B78291C-6E25-4B7A-8ED2-98E7B69F373B}.Debug|x86.Deploy.0 = Debug|x86
		{5B78291C-6E25-4B7A-8ED2-98E7B69F373B}.Release|Any CPU.ActiveCfg = Release|x86
		{5B78291C-6E25-4B7A-8ED2-98E7B69F373B}.Release|ARM.ActiveCfg = Release|ARM
		{5B78291C-6E25-4B7A-8ED2-98E7B69F373B}.Release|ARM.Build.0 = Release|ARM
		{5B78291C-6E25-4B7A-8ED2-98E7B69F373B}.Release|ARM.Deploy.0 = Release|ARM
		{5B78291C-6E25-4B7A-8ED2-98E7B69F373B}.Release|iPhone.ActiveCfg = Release|x86
		{5B78291C-6E25-4B7A-8ED2-98E7B69F373B}.Release|iPhoneSimulator.ActiveCfg = Release|x86
		{5B78291C-6E25-4B7A-8ED2-98E7B69F373B}.Release|x64.ActiveCfg = Release|x64
		{5B78291C-6E25-4B7A-8ED2-98E7B69F373B}.Release|x64.Build.0 = Release|x64
		{5B78291C-6E25-4B7A-8ED2-98E7B69F373B}.Release|x64.Deploy.0 = Release|x64
		{5B78291C-6E25-4B7A-8ED2-98E7B69F373B}.Release|x86.ActiveCfg = Release|x86
		{5B78291C-6E25-4B7A-8ED2-98E7B69F373B}.Release|x86.Build.0 = Release|x86
		{5B78291C-6E25-4B7A-8ED2-98E7B69F373B}.Release|x86.Deploy.0 = Release|x86
	EndGlobalSection
	GlobalSection(SolutionProperties) = preSolution
		HideSolutionNode = FALSE
	EndGlobalSection
	GlobalSection(ExtensibilityGlobals) = postSolution
		SolutionGuid = {F61477E5-21BC-4DEE-8CB9-A7EA4E6F1FB2}
	EndGlobalSection
EndGlobal
